
Microsoft Visual Studio Solution File, Format Version 12.00
Project("{FAE04EC0-301F-11D3-BF4B-00C04F79EFBC}") = "Core", "Core\Core.csproj", "{99DF0B7D-A6E8-440F-AEC1-FF33307C88D6}"
EndProject
Project("{FAE04EC0-301F-11D3-BF4B-00C04F79EFBC}") = "Api", "Api\Api.csproj", "{81711CA3-5737-4FEC-B3F1-0A988F49B108}"
EndProject
Project("{FAE04EC0-301F-11D3-BF4B-00C04F79EFBC}") = "Database", "Database\Database.csproj", "{64B6CFB7-94C9-4FC4-A772-5DAD4B78C027}"
EndProject
Global
	GlobalSection(SolutionConfigurationPlatforms) = preSolution
		Debug|Any CPU = Debug|Any CPU
		Release|Any CPU = Release|Any CPU
	EndGlobalSection
	GlobalSection(ProjectConfigurationPlatforms) = postSolution
		{99DF0B7D-A6E8-440F-AEC1-FF33307C88D6}.Debug|Any CPU.ActiveCfg = Debug|Any CPU
		{99DF0B7D-A6E8-440F-AEC1-FF33307C88D6}.Debug|Any CPU.Build.0 = Debug|Any CPU
		{99DF0B7D-A6E8-440F-AEC1-FF33307C88D6}.Release|Any CPU.ActiveCfg = Release|Any CPU
		{99DF0B7D-A6E8-440F-AEC1-FF33307C88D6}.Release|Any CPU.Build.0 = Release|Any CPU
		{81711CA3-5737-4FEC-B3F1-0A988F49B108}.Debug|Any CPU.ActiveCfg = Debug|Any CPU
		{81711CA3-5737-4FEC-B3F1-0A988F49B108}.Debug|Any CPU.Build.0 = Debug|Any CPU
		{81711CA3-5737-4FEC-B3F1-0A988F49B108}.Release|Any CPU.ActiveCfg = Release|Any CPU
		{81711CA3-5737-4FEC-B3F1-0A988F49B108}.Release|Any CPU.Build.0 = Release|Any CPU
		{64B6CFB7-94C9-4FC4-A772-5DAD4B78C027}.Debug|Any CPU.ActiveCfg = Debug|Any CPU
		{64B6CFB7-94C9-4FC4-A772-5DAD4B78C027}.Debug|Any CPU.Build.0 = Debug|Any CPU
		{64B6CFB7-94C9-4FC4-A772-5DAD4B78C027}.Release|Any CPU.ActiveCfg = Release|Any CPU
		{64B6CFB7-94C9-4FC4-A772-5DAD4B78C027}.Release|Any CPU.Build.0 = Release|Any CPU
	EndGlobalSection
EndGlobal
